
Microsoft Visual Studio Solution File, Format Version 11.00
# Visual Studio 2010
Project("{FAE04EC0-301F-11D3-BF4B-00C04F79EFBC}") = "QFramework.CoreKit", "QFramework.CoreKit.csproj", "{5290a8d3-ac43-8a6a-ef6b-9211e51a1595}"
EndProject
Project("{FAE04EC0-301F-11D3-BF4B-00C04F79EFBC}") = "UniTask.Linq", "UniTask.Linq.csproj", "{86edb6a7-151d-730d-8c05-ed35e22f7d5b}"
EndProject
Project("{FAE04EC0-301F-11D3-BF4B-00C04F79EFBC}") = "UIKit", "UIKit.csproj", "{8d325a87-c563-0632-e175-f60c44d10b4e}"
EndProject
Project("{FAE04EC0-301F-11D3-BF4B-00C04F79EFBC}") = "UniTask", "UniTask.csproj", "{04c7f71b-0a33-bbb7-9f86-3934bf1f8139}"
EndProject
Project("{FAE04EC0-301F-11D3-BF4B-00C04F79EFBC}") = "ResKit", "ResKit.csproj", "{0d763b93-38b4-ed5a-689e-1d7901b442d3}"
EndProject
Project("{FAE04EC0-301F-11D3-BF4B-00C04F79EFBC}") = "Assembly-CSharp", "Assembly-CSharp.csproj", "{50112905-cb69-a3d0-3cda-6aa0b545e475}"
EndProject
Project("{FAE04EC0-301F-11D3-BF4B-00C04F79EFBC}") = "SupportOldQF", "SupportOldQF.csproj", "{86259951-5f96-2237-0b9f-dbf0e8c5d314}"
EndProject
Project("{FAE04EC0-301F-11D3-BF4B-00C04F79EFBC}") = "Game.Main", "Game.Main.csproj", "{0a2d8c9a-8a01-95b7-93f2-b25ab67409c0}"
EndProject
Project("{FAE04EC0-301F-11D3-BF4B-00C04F79EFBC}") = "UniTask.Editor", "UniTask.Editor.csproj", "{00d934b0-4d18-a0f0-cae1-64cae9015119}"
EndProject
Project("{FAE04EC0-301F-11D3-BF4B-00C04F79EFBC}") = "YooAsset.RuntimeExtension", "YooAsset.RuntimeExtension.csproj", "{ce7e0412-55c6-57e8-28b7-ca32f8447ffe}"
EndProject
Project("{FAE04EC0-301F-11D3-BF4B-00C04F79EFBC}") = "UIKit.Editor", "UIKit.Editor.csproj", "{61eafd35-5e10-bb9a-e1e1-1522f50b6dcc}"
EndProject
Project("{FAE04EC0-301F-11D3-BF4B-00C04F79EFBC}") = "Game.Editor", "Game.Editor.csproj", "{5e95fa20-7913-77e2-8f19-d60f0a282de9}"
EndProject
Project("{FAE04EC0-301F-11D3-BF4B-00C04F79EFBC}") = "ResKit.Editor", "ResKit.Editor.csproj", "{c64710cc-d8f6-4f09-5125-f7a4614b66ed}"
EndProject
Project("{FAE04EC0-301F-11D3-BF4B-00C04F79EFBC}") = "Assembly-CSharp-Editor", "Assembly-CSharp-Editor.csproj", "{b834bd43-7ed9-1247-14a9-a29bd32f919a}"
EndProject
Project("{FAE04EC0-301F-11D3-BF4B-00C04F79EFBC}") = "UniTask.TextMeshPro", "UniTask.TextMeshPro.csproj", "{d4d32ee9-966b-b68a-0d8f-ad6e1aeed561}"
EndProject
Project("{FAE04EC0-301F-11D3-BF4B-00C04F79EFBC}") = "AudioKit", "AudioKit.csproj", "{5c9da7a5-0725-291e-2848-4081598a26f3}"
EndProject
Project("{FAE04EC0-301F-11D3-BF4B-00C04F79EFBC}") = "QFramework", "QFramework.csproj", "{ef175842-ec6c-7d12-beee-099e2baf8f3f}"
EndProject
Project("{FAE04EC0-301F-11D3-BF4B-00C04F79EFBC}") = "UniTask.Addressables", "UniTask.Addressables.csproj", "{cb20271c-4c09-868b-cab0-3c79eb72c49b}"
EndProject
Project("{FAE04EC0-301F-11D3-BF4B-00C04F79EFBC}") = "UniTask.DOTween", "UniTask.DOTween.csproj", "{525de3f6-edb0-36aa-7430-1c82717abebf}"
EndProject
Global
	GlobalSection(SolutionConfigurationPlatforms) = preSolution
		Debug|Any CPU = Debug|Any CPU
	EndGlobalSection
	GlobalSection(ProjectConfigurationPlatforms) = postSolution
		{5290a8d3-ac43-8a6a-ef6b-9211e51a1595}.Debug|Any CPU.ActiveCfg = Debug|Any CPU
		{5290a8d3-ac43-8a6a-ef6b-9211e51a1595}.Debug|Any CPU.Build.0 = Debug|Any CPU
		{86edb6a7-151d-730d-8c05-ed35e22f7d5b}.Debug|Any CPU.ActiveCfg = Debug|Any CPU
		{86edb6a7-151d-730d-8c05-ed35e22f7d5b}.Debug|Any CPU.Build.0 = Debug|Any CPU
		{8d325a87-c563-0632-e175-f60c44d10b4e}.Debug|Any CPU.ActiveCfg = Debug|Any CPU
		{8d325a87-c563-0632-e175-f60c44d10b4e}.Debug|Any CPU.Build.0 = Debug|Any CPU
		{04c7f71b-0a33-bbb7-9f86-3934bf1f8139}.Debug|Any CPU.ActiveCfg = Debug|Any CPU
		{04c7f71b-0a33-bbb7-9f86-3934bf1f8139}.Debug|Any CPU.Build.0 = Debug|Any CPU
		{0d763b93-38b4-ed5a-689e-1d7901b442d3}.Debug|Any CPU.ActiveCfg = Debug|Any CPU
		{0d763b93-38b4-ed5a-689e-1d7901b442d3}.Debug|Any CPU.Build.0 = Debug|Any CPU
		{50112905-cb69-a3d0-3cda-6aa0b545e475}.Debug|Any CPU.ActiveCfg = Debug|Any CPU
		{50112905-cb69-a3d0-3cda-6aa0b545e475}.Debug|Any CPU.Build.0 = Debug|Any CPU
		{86259951-5f96-2237-0b9f-dbf0e8c5d314}.Debug|Any CPU.ActiveCfg = Debug|Any CPU
		{86259951-5f96-2237-0b9f-dbf0e8c5d314}.Debug|Any CPU.Build.0 = Debug|Any CPU
		{0a2d8c9a-8a01-95b7-93f2-b25ab67409c0}.Debug|Any CPU.ActiveCfg = Debug|Any CPU
		{0a2d8c9a-8a01-95b7-93f2-b25ab67409c0}.Debug|Any CPU.Build.0 = Debug|Any CPU
		{00d934b0-4d18-a0f0-cae1-64cae9015119}.Debug|Any CPU.ActiveCfg = Debug|Any CPU
		{00d934b0-4d18-a0f0-cae1-64cae9015119}.Debug|Any CPU.Build.0 = Debug|Any CPU
		{ce7e0412-55c6-57e8-28b7-ca32f8447ffe}.Debug|Any CPU.ActiveCfg = Debug|Any CPU
		{ce7e0412-55c6-57e8-28b7-ca32f8447ffe}.Debug|Any CPU.Build.0 = Debug|Any CPU
		{61eafd35-5e10-bb9a-e1e1-1522f50b6dcc}.Debug|Any CPU.ActiveCfg = Debug|Any CPU
		{61eafd35-5e10-bb9a-e1e1-1522f50b6dcc}.Debug|Any CPU.Build.0 = Debug|Any CPU
		{5e95fa20-7913-77e2-8f19-d60f0a282de9}.Debug|Any CPU.ActiveCfg = Debug|Any CPU
		{5e95fa20-7913-77e2-8f19-d60f0a282de9}.Debug|Any CPU.Build.0 = Debug|Any CPU
		{c64710cc-d8f6-4f09-5125-f7a4614b66ed}.Debug|Any CPU.ActiveCfg = Debug|Any CPU
		{c64710cc-d8f6-4f09-5125-f7a4614b66ed}.Debug|Any CPU.Build.0 = Debug|Any CPU
		{b834bd43-7ed9-1247-14a9-a29bd32f919a}.Debug|Any CPU.ActiveCfg = Debug|Any CPU
		{b834bd43-7ed9-1247-14a9-a29bd32f919a}.Debug|Any CPU.Build.0 = Debug|Any CPU
		{d4d32ee9-966b-b68a-0d8f-ad6e1aeed561}.Debug|Any CPU.ActiveCfg = Debug|Any CPU
		{d4d32ee9-966b-b68a-0d8f-ad6e1aeed561}.Debug|Any CPU.Build.0 = Debug|Any CPU
		{5c9da7a5-0725-291e-2848-4081598a26f3}.Debug|Any CPU.ActiveCfg = Debug|Any CPU
		{5c9da7a5-0725-291e-2848-4081598a26f3}.Debug|Any CPU.Build.0 = Debug|Any CPU
		{ef175842-ec6c-7d12-beee-099e2baf8f3f}.Debug|Any CPU.ActiveCfg = Debug|Any CPU
		{ef175842-ec6c-7d12-beee-099e2baf8f3f}.Debug|Any CPU.Build.0 = Debug|Any CPU
		{cb20271c-4c09-868b-cab0-3c79eb72c49b}.Debug|Any CPU.ActiveCfg = Debug|Any CPU
		{cb20271c-4c09-868b-cab0-3c79eb72c49b}.Debug|Any CPU.Build.0 = Debug|Any CPU
		{525de3f6-edb0-36aa-7430-1c82717abebf}.Debug|Any CPU.ActiveCfg = Debug|Any CPU
		{525de3f6-edb0-36aa-7430-1c82717abebf}.Debug|Any CPU.Build.0 = Debug|Any CPU
	EndGlobalSection
	GlobalSection(SolutionProperties) = preSolution
		HideSolutionNode = FALSE
	EndGlobalSection
EndGlobal
